Microsoft Visual Studio Solution File, Format Version 11.00
# Visual Studio 2008

Project("{43A7E03F-CDCC-91D6-886C-B03AB8843A11}") = "Wipeout", "Assembly-CSharp.csproj", "{ABDCA02B-FB7E-C490-F7B2-F4A61B54B52D}"
EndProject
Global
	GlobalSection(SolutionConfigurationPlatforms) = preSolution
		Debug|Any CPU = Debug|Any CPU
		Release|Any CPU = Release|Any CPU
	EndGlobalSection
	GlobalSection(ProjectConfigurationPlatforms) = postSolution
		{ABDCA02B-FB7E-C490-F7B2-F4A61B54B52D}.Debug|Any CPU.ActiveCfg = Debug|Any CPU
		{ABDCA02B-FB7E-C490-F7B2-F4A61B54B52D}.Debug|Any CPU.Build.0 = Debug|Any CPU
		{ABDCA02B-FB7E-C490-F7B2-F4A61B54B52D}.Release|Any CPU.ActiveCfg = Release|Any CPU
		{ABDCA02B-FB7E-C490-F7B2-F4A61B54B52D}.Release|Any CPU.Build.0 = Release|Any CPU
	EndGlobalSection
	GlobalSection(SolutionProperties) = preSolution
		HideSolutionNode = FALSE
	EndGlobalSection
	GlobalSection(MonoDevelopProperties) = preSolution
		StartupItem = Assembly-CSharp.csproj
	EndGlobalSection
EndGlobal
